
Microsoft Visual Studio Solution File, Format Version 12.00
# Visual Studio Version 17
VisualStudioVersion = 17.4.33213.308
MinimumVisualStudioVersion = 10.0.40219.1
Project("{FAE04EC0-301F-11D3-BF4B-00C04F79EFBC}") = "CaesarCipher", "CaesarCipher\CaesarCipher.csproj", "{BBD27944-0AF7-4F66-B868-7564C351BF36}"
EndProject
Global
	GlobalSection(SolutionConfigurationPlatforms) = preSolution
		Debug|Any CPU = Debug|Any CPU
		Release|Any CPU = Release|Any CPU
	EndGlobalSection
	GlobalSection(ProjectConfigurationPlatforms) = postSolution
		{BBD27944-0AF7-4F66-B868-7564C351BF36}.Debug|Any CPU.ActiveCfg = Debug|Any CPU
		{BBD27944-0AF7-4F66-B868-7564C351BF36}.Debug|Any CPU.Build.0 = Debug|Any CPU
		{BBD27944-0AF7-4F66-B868-7564C351BF36}.Release|Any CPU.ActiveCfg = Release|Any CPU
		{BBD27944-0AF7-4F66-B868-7564C351BF36}.Release|Any CPU.Build.0 = Release|Any CPU
	EndGlobalSection
	GlobalSection(SolutionProperties) = preSolution
		HideSolutionNode = FALSE
	EndGlobalSection
	GlobalSection(ExtensibilityGlobals) = postSolution
		SolutionGuid = {BACCAF64-6FA3-4339-A5DB-82B5FA1DD2D4}
	EndGlobalSection
EndGlobal
